
Microsoft Visual Studio Solution File, Format Version 12.00
# Visual Studio Version 17
VisualStudioVersion = 17.14.36518.9 d17.14
MinimumVisualStudioVersion = 10.0.40219.1
Project("{FAE04EC0-301F-11D3-BF4B-00C04F79EFBC}") = "15-05", "15-05\15-05.csproj", "{7F117059-4596-47E7-9787-8D45D09BBDAB}"
EndProject
Global
	GlobalSection(SolutionConfigurationPlatforms) = preSolution
		Debug|Any CPU = Debug|Any CPU
		Release|Any CPU = Release|Any CPU
	EndGlobalSection
	GlobalSection(ProjectConfigurationPlatforms) = postSolution
		{7F117059-4596-47E7-9787-8D45D09BBDAB}.Debug|Any CPU.ActiveCfg = Debug|Any CPU
		{7F117059-4596-47E7-9787-8D45D09BBDAB}.Debug|Any CPU.Build.0 = Debug|Any CPU
		{7F117059-4596-47E7-9787-8D45D09BBDAB}.Release|Any CPU.ActiveCfg = Release|Any CPU
		{7F117059-4596-47E7-9787-8D45D09BBDAB}.Release|Any CPU.Build.0 = Release|Any CPU
	EndGlobalSection
	GlobalSection(SolutionProperties) = preSolution
		HideSolutionNode = FALSE
	EndGlobalSection
	GlobalSection(ExtensibilityGlobals) = postSolution
		SolutionGuid = {2377D056-81AD-4E36-9946-ED59477F0E51}
	EndGlobalSection
EndGlobal
