
Microsoft Visual Studio Solution File, Format Version 12.00
# Visual Studio Version 17
VisualStudioVersion = 17.14.36518.9 d17.14
MinimumVisualStudioVersion = 10.0.40219.1
Project("{FAE04EC0-301F-11D3-BF4B-00C04F79EFBC}") = "27-02", "27-02\27-02.csproj", "{BBF23A92-4A8F-46C7-93AE-A4C5CB9BAE6B}"
EndProject
Global
	GlobalSection(SolutionConfigurationPlatforms) = preSolution
		Debug|Any CPU = Debug|Any CPU
		Release|Any CPU = Release|Any CPU
	EndGlobalSection
	GlobalSection(ProjectConfigurationPlatforms) = postSolution
		{BBF23A92-4A8F-46C7-93AE-A4C5CB9BAE6B}.Debug|Any CPU.ActiveCfg = Debug|Any CPU
		{BBF23A92-4A8F-46C7-93AE-A4C5CB9BAE6B}.Debug|Any CPU.Build.0 = Debug|Any CPU
		{BBF23A92-4A8F-46C7-93AE-A4C5CB9BAE6B}.Release|Any CPU.ActiveCfg = Release|Any CPU
		{BBF23A92-4A8F-46C7-93AE-A4C5CB9BAE6B}.Release|Any CPU.Build.0 = Release|Any CPU
	EndGlobalSection
	GlobalSection(SolutionProperties) = preSolution
		HideSolutionNode = FALSE
	EndGlobalSection
	GlobalSection(ExtensibilityGlobals) = postSolution
		SolutionGuid = {24592F8D-2939-4D35-AB89-1FA8A4A6F047}
	EndGlobalSection
EndGlobal
