
Microsoft Visual Studio Solution File, Format Version 12.00
# Visual Studio Version 17
VisualStudioVersion = 17.14.36518.9 d17.14
MinimumVisualStudioVersion = 10.0.40219.1
Project("{FAE04EC0-301F-11D3-BF4B-00C04F79EFBC}") = "08-05", "08-05\08-05.csproj", "{989C4CBC-2730-4053-B39A-54695C11EE06}"
EndProject
Global
	GlobalSection(SolutionConfigurationPlatforms) = preSolution
		Debug|Any CPU = Debug|Any CPU
		Release|Any CPU = Release|Any CPU
	EndGlobalSection
	GlobalSection(ProjectConfigurationPlatforms) = postSolution
		{989C4CBC-2730-4053-B39A-54695C11EE06}.Debug|Any CPU.ActiveCfg = Debug|Any CPU
		{989C4CBC-2730-4053-B39A-54695C11EE06}.Debug|Any CPU.Build.0 = Debug|Any CPU
		{989C4CBC-2730-4053-B39A-54695C11EE06}.Release|Any CPU.ActiveCfg = Release|Any CPU
		{989C4CBC-2730-4053-B39A-54695C11EE06}.Release|Any CPU.Build.0 = Release|Any CPU
	EndGlobalSection
	GlobalSection(SolutionProperties) = preSolution
		HideSolutionNode = FALSE
	EndGlobalSection
	GlobalSection(ExtensibilityGlobals) = postSolution
		SolutionGuid = {F505A53D-09DB-458E-B2D2-BD9A539F1024}
	EndGlobalSection
EndGlobal
