
Microsoft Visual Studio Solution File, Format Version 12.00
# Visual Studio Version 17
VisualStudioVersion = 17.14.36518.9 d17.14
MinimumVisualStudioVersion = 10.0.40219.1
Project("{FAE04EC0-301F-11D3-BF4B-00C04F79EFBC}") = "20-02", "20-02\20-02.csproj", "{5F4A031A-A24A-4544-B23F-B7B2EFC1CDB9}"
EndProject
Global
	GlobalSection(SolutionConfigurationPlatforms) = preSolution
		Debug|Any CPU = Debug|Any CPU
		Release|Any CPU = Release|Any CPU
	EndGlobalSection
	GlobalSection(ProjectConfigurationPlatforms) = postSolution
		{5F4A031A-A24A-4544-B23F-B7B2EFC1CDB9}.Debug|Any CPU.ActiveCfg = Debug|Any CPU
		{5F4A031A-A24A-4544-B23F-B7B2EFC1CDB9}.Debug|Any CPU.Build.0 = Debug|Any CPU
		{5F4A031A-A24A-4544-B23F-B7B2EFC1CDB9}.Release|Any CPU.ActiveCfg = Release|Any CPU
		{5F4A031A-A24A-4544-B23F-B7B2EFC1CDB9}.Release|Any CPU.Build.0 = Release|Any CPU
	EndGlobalSection
	GlobalSection(SolutionProperties) = preSolution
		HideSolutionNode = FALSE
	EndGlobalSection
	GlobalSection(ExtensibilityGlobals) = postSolution
		SolutionGuid = {81F82A9B-BD43-4E7F-BCA4-3669A9452CA3}
	EndGlobalSection
EndGlobal
